PODS:
  - Alamofire (4.2.0)
  - Hero (0.3.6)
  - IGListKit (2.1.0):
    - IGListKit/Default (= 2.1.0)
  - IGListKit/Default (2.1.0):
    - IGListKit/Diffing
  - IGListKit/Diffing (2.1.0)
  - Marshal (1.0.0)

DEPENDENCIES:
  - Alamofire
  - Hero
  - IGListKit
  - Marshal

SPEC CHECKSUMS:
  Alamofire: aa2e09d871c9160ac53c90e83c68064a94e3dfbe
  Hero: d3c6f4dd80cdcdbb339be64e57ae3b5c3ab9938c
  IGListKit: b826c68ef7a4ae1626c09d4d3e1ea7a169e6c36e
  Marshal: a3c5c5dbd388112edf3cdabb718f2b4cfe48658a

PODFILE CHECKSUM: a2fdc9c10f5a20d2aedba86bcda6aef877f30bfb

COCOAPODS: 1.2.0
