PODS:
  - Alamofire (4.5.0)
  - IGListKit (3.0.0):
    - IGListKit/Default (= 3.0.0)
  - IGListKit/Default (3.0.0):
    - IGListKit/Diffing
  - IGListKit/Diffing (3.0.0)
  - Marshal (1.2.4)

DEPENDENCIES:
  - Alamofire
  - IGListKit
  - Marshal

SPEC CHECKSUMS:
  Alamofire: f28cdffd29de33a7bfa022cbd63ae95a27fae140
  IGListKit: 9eab6856a15fa25ad72018ff9d9eb2178c240fff
  Marshal: 8e04e6624e506921db7143b0bfd83caee03f32d6

PODFILE CHECKSUM: 7b5c139236dac61da67d80d4b1e3a758f59ac854

COCOAPODS: 1.2.0
